// !$*UTF8*$!
{
	archiveVersion = 1;
	classes = {
	};
	objectVersion = 46;
	objects = {

/* Begin PBXBuildFile section */
		18185AD41DE5C68E003C382A /* Docs.rtf in Resources */ = {isa = PBXBuildFile; fileRef = 18185AD31DE5C68E003C382A /* Docs.rtf */; };
		185DD6561DE5C0D900812E53 /* main.m in Sources */ = {isa = PBXBuildFile; fileRef = 185DD6551DE5C0D900812E53 /* main.m */; };
		185DD6591DE5C0D900812E53 /* AppDelegate.m in Sources */ = {isa = PBXBuildFile; fileRef = 185DD6581DE5C0D900812E53 /* AppDelegate.m */; };
		185DD65C1DE5C0D900812E53 /* ViewController.m in Sources */ = {isa = PBXBuildFile; fileRef = 185DD65B1DE5C0D900812E53 /* ViewController.m */; };
		185DD65F1DE5C0D900812E53 /* Main.storyboard in Resources */ = {isa = PBXBuildFile; fileRef = 185DD65D1DE5C0D900812E53 /* Main.storyboard */; };
		185DD6611DE5C0D900812E53 /* Assets.xcassets in Resources */ = {isa = PBXBuildFile; fileRef = 185DD6601DE5C0D900812E53 /* Assets.xcassets */; };
		185DD6641DE5C0D900812E53 /* LaunchScreen.storyboard in Resources */ = {isa = PBXBuildFile; fileRef = 185DD6621DE5C0D900812E53 /* LaunchScreen.storyboard */; };
		185DD66D1DE5C26900812E53 /* ShareManager.m in Sources */ = {isa = PBXBuildFile; fileRef = 185DD66C1DE5C26900812E53 /* ShareManager.m */; };
/* End PBXBuildFile section */

/* Begin PBXFileReference section */
		18185AD31DE5C68E003C382A /* Docs.rtf */ = {isa = PBXFileReference; fileEncoding = 4; lastKnownFileType = text.rtf; path = Docs.rtf; sourceTree = "<group>"; };
		185DD6511DE5C0D900812E53 /* Singletons.app */ = {isa = PBXFileReference; explicitFileType = wrapper.application; includeInIndex = 0; path = Singletons.app; sourceTree = BUILT_PRODUCTS_DIR; };
		185DD6551DE5C0D900812E53 /* main.m */ = {isa = PBXFileReference; lastKnownFileType = sourcecode.c.objc; path = main.m; sourceTree = "<group>"; };
		185DD6571DE5C0D900812E53 /* AppDelegate.h */ = {isa = PBXFileReference; lastKnownFileType = sourcecode.c.h; path = AppDelegate.h; sourceTree = "<group>"; };
		185DD6581DE5C0D900812E53 /* AppDelegate.m */ = {isa = PBXFileReference; lastKnownFileType = sourcecode.c.objc; path = AppDelegate.m; sourceTree = "<group>"; };
		185DD65A1DE5C0D900812E53 /* ViewController.h */ = {isa = PBXFileReference; lastKnownFileType = sourcecode.c.h; path = ViewController.h; sourceTree = "<group>"; };
		185DD65B1DE5C0D900812E53 /* ViewController.m */ = {isa = PBXFileReference; lastKnownFileType = sourcecode.c.objc; path = ViewController.m; sourceTree = "<group>"; };
		185DD65E1DE5C0D900812E53 /* Base */ = {isa = PBXFileReference; lastKnownFileType = file.storyboard; name = Base; path = Base.lproj/Main.storyboard; sourceTree = "<group>"; };
		185DD6601DE5C0D900812E53 /* Assets.xcassets */ = {isa = PBXFileReference; lastKnownFileType = folder.assetcatalog; path = Assets.xcassets; sourceTree = "<group>"; };
		185DD6631DE5C0D900812E53 /* Base */ = {isa = PBXFileReference; lastKnownFileType = file.storyboard; name = Base; path = Base.lproj/LaunchScreen.storyboard; sourceTree = "<group>"; };
		185DD6651DE5C0D900812E53 /* Info.plist */ = {isa = PBXFileReference; lastKnownFileType = text.plist.xml; path = Info.plist; sourceTree = "<group>"; };
		185DD66B1DE5C26900812E53 /* ShareManager.h */ = {isa = PBXFileReference; fileEncoding = 4; lastKnownFileType = sourcecode.c.h; name = ShareManager.h; path = Singleton/ShareManager.h; sourceTree = "<group>"; };
		185DD66C1DE5C26900812E53 /* ShareManager.m */ = {isa = PBXFileReference; fileEncoding = 4; lastKnownFileType = sourcecode.c.objc; name = ShareManager.m; path = Singleton/ShareManager.m; sourceTree = "<group>"; };
/* End PBXFileReference section */

/* Begin PBXFrameworksBuildPhase section */
		185DD64E1DE5C0D900812E53 /* Frameworks */ = {
			isa = PBXFrameworksBuildPhase;
			buildActionMask = 2147483647;
			files = (
			);
			runOnlyForDeploymentPostprocessing = 0;
		};
/* End PBXFrameworksBuildPhase section */

/* Begin PBXGroup section */
		18185AD21DE5C667003C382A /* SingleTon */ = {
			isa = PBXGroup;
			children = (
				185DD66C1DE5C26900812E53 /* ShareManager.m */,
				185DD66B1DE5C26900812E53 /* ShareManager.h */,
				18185AD31DE5C68E003C382A /* Docs.rtf */,
			);
			name = SingleTon;
			sourceTree = "<group>";
		};
		185DD6481DE5C0D900812E53 = {
			isa = PBXGroup;
			children = (
				185DD6531DE5C0D900812E53 /* Singletons */,
				185DD6521DE5C0D900812E53 /* Products */,
			);
			sourceTree = "<group>";
		};
		185DD6521DE5C0D900812E53 /* Products */ = {
			isa = PBXGroup;
			children = (
				185DD6511DE5C0D900812E53 /* Singletons.app */,
			);
			name = Products;
			sourceTree = "<group>";
		};
		185DD6531DE5C0D900812E53 /* Singletons */ = {
			isa = PBXGroup;
			children = (
				18185AD21DE5C667003C382A /* SingleTon */,
				185DD6571DE5C0D900812E53 /* AppDelegate.h */,
				185DD6581DE5C0D900812E53 /* AppDelegate.m */,
				185DD65A1DE5C0D900812E53 /* ViewController.h */,
				185DD65B1DE5C0D900812E53 /* ViewController.m */,
				185DD65D1DE5C0D900812E53 /* Main.storyboard */,
				185DD6601DE5C0D900812E53 /* Assets.xcassets */,
				185DD6621DE5C0D900812E53 /* LaunchScreen.storyboard */,
				185DD6651DE5C0D900812E53 /* Info.plist */,
				185DD6541DE5C0D900812E53 /* Supporting Files */,
			);
			path = Singletons;
			sourceTree = "<group>";
		};
		185DD6541DE5C0D900812E53 /* Supporting Files */ = {
			isa = PBXGroup;
			children = (
				185DD6551DE5C0D900812E53 /* main.m */,
			);
			name = "Supporting Files";
			sourceTree = "<group>";
		};
/* End PBXGroup section */

/* Begin PBXNativeTarget section */
		185DD6501DE5C0D900812E53 /* Singletons */ = {
			isa = PBXNativeTarget;
			buildConfigurationList = 185DD6681DE5C0D900812E53 /* Build configuration list for PBXNativeTarget "Singletons" */;
			buildPhases = (
				185DD64D1DE5C0D900812E53 /* Sources */,
				185DD64E1DE5C0D900812E53 /* Frameworks */,
				185DD64F1DE5C0D900812E53 /* Resources */,
			);
			buildRules = (
			);
			dependencies = (
			);
			name = Singletons;
			productName = Singletons;
			productReference = 185DD6511DE5C0D900812E53 /* Singletons.app */;
			productType = "com.apple.product-type.application";
		};
/* End PBXNativeTarget section */

/* Begin PBXProject section */
		185DD6491DE5C0D900812E53 /* Project object */ = {
			isa = PBXProject;
			attributes = {
				LastUpgradeCheck = 0810;
				ORGANIZATIONNAME = vijayvirSingh;
				TargetAttributes = {
					185DD6501DE5C0D900812E53 = {
						CreatedOnToolsVersion = 8.1;
						ProvisioningStyle = Automatic;
					};
				};
			};
			buildConfigurationList = 185DD64C1DE5C0D900812E53 /* Build configuration list for PBXProject "Singletons" */;
			compatibilityVersion = "Xcode 3.2";
			developmentRegion = English;
			hasScannedForEncodings = 0;
			knownRegions = (
				en,
				Base,
			);
			mainGroup = 185DD6481DE5C0D900812E53;
			productRefGroup = 185DD6521DE5C0D900812E53 /* Products */;
			projectDirPath = "";
			projectRoot = "";
			targets = (
				185DD6501DE5C0D900812E53 /* Singletons */,
			);
		};
/* End PBXProject section */

/* Begin PBXResourcesBuildPhase section */
		185DD64F1DE5C0D900812E53 /* Resources */ = {
			isa = PBXResourcesBuildPhase;
			buildActionMask = 2147483647;
			files = (
				185DD6641DE5C0D900812E53 /* LaunchScreen.storyboard in Resources */,
				185DD6611DE5C0D900812E53 /* Assets.xcassets in Resources */,
				185DD65F1DE5C0D900812E53 /* Main.storyboard in Resources */,
				18185AD41DE5C68E003C382A /* Docs.rtf in Resources */,
			);
			runOnlyForDeploymentPostprocessing = 0;
		};
/* End PBXResourcesBuildPhase section */

/* Begin PBXSourcesBuildPhase section */
		185DD64D1DE5C0D900812E53 /* Sources */ = {
			isa = PBXSourcesBuildPhase;
			buildActionMask = 2147483647;
			files = (
				185DD65C1DE5C0D900812E53 /* ViewController.m in Sources */,
				185DD6591DE5C0D900812E53 /* AppDelegate.m in Sources */,
				185DD6561DE5C0D900812E53 /* main.m in Sources */,
				185DD66D1DE5C26900812E53 /* ShareManager.m in Sources */,
			);
			runOnlyForDeploymentPostprocessing = 0;
		};
/* End PBXSourcesBuildPhase section */

/* Begin PBXVariantGroup section */
		185DD65D1DE5C0D900812E53 /* Main.storyboard */ = {
			isa = PBXVariantGroup;
			children = (
				185DD65E1DE5C0D900812E53 /* Base */,
			);
			name = Main.storyboard;
			sourceTree = "<group>";
		};
		185DD6621DE5C0D900812E53 /* LaunchScreen.storyboard */ = {
			isa = PBXVariantGroup;
			children = (
				185DD6631DE5C0D900812E53 /* Base */,
			);
			name = LaunchScreen.storyboard;
			sourceTree = "<group>";
		};
/* End PBXVariantGroup section */

/* Begin XCBuildConfiguration section */
		185DD6661DE5C0D900812E53 /* Debug */ = {
			isa = XCBuildConfiguration;
			buildSettings = {
				ALWAYS_SEARCH_USER_PATHS = NO;
				CLANG_ANALYZER_NONNULL = YES;
				CLANG_CXX_LANGUAGE_STANDARD = "gnu++0x";
				CLANG_CXX_LIBRARY = "libc++";
				CLANG_ENABLE_MODULES = YES;
				CLANG_ENABLE_OBJC_ARC = YES;
				CLANG_WARN_BOOL_CONVERSION = YES;
				CLANG_WARN_CONSTANT_CONVERSION = YES;
				CLANG_WARN_DIRECT_OBJC_ISA_USAGE = YES_ERROR;
				CLANG_WARN_DOCUMENTATION_COMMENTS = YES;
				CLANG_WARN_EMPTY_BODY = YES;
				CLANG_WARN_ENUM_CONVERSION = YES;
				CLANG_WARN_INFINITE_RECURSION = YES;
				CLANG_WARN_INT_CONVERSION = YES;
				CLANG_WARN_OBJC_ROOT_CLASS = YES_ERROR;
				CLANG_WARN_SUSPICIOUS_MOVES = YES;
				CLANG_WARN_UNREACHABLE_CODE = YES;
				CLANG_WARN__DUPLICATE_METHOD_MATCH = YES;
				"CODE_SIGN_IDENTITY[sdk=iphoneos*]" = "iPhone Developer";
				COPY_PHASE_STRIP = NO;
				DEBUG_INFORMATION_FORMAT = dwarf;
				ENABLE_STRICT_OBJC_MSGSEND = YES;
				ENABLE_TESTABILITY = YES;
				GCC_C_LANGUAGE_STANDARD = gnu99;
				GCC_DYNAMIC_NO_PIC = NO;
				GCC_NO_COMMON_BLOCKS = YES;
				GCC_OPTIMIZATION_LEVEL = 0;
				GCC_PREPROCESSOR_DEFINITIONS = (
					"DEBUG=1",
					"$(inherited)",
				);
				GCC_WARN_64_TO_32_BIT_CONVERSION = YES;
				GCC_WARN_ABOUT_RETURN_TYPE = YES_ERROR;
				GCC_WARN_UNDECLARED_SELECTOR = YES;
				GCC_WARN_UNINITIALIZED_AUTOS = YES_AGGRESSIVE;
				GCC_WARN_UNUSED_FUNCTION = YES;
				GCC_WARN_UNUSED_VARIABLE = YES;
				IPHONEOS_DEPLOYMENT_TARGET = 10.1;
				MTL_ENABLE_DEBUG_INFO = YES;
				ONLY_ACTIVE_ARCH = YES;
				SDKROOT = iphoneos;
			};
			name = Debug;
		};
		185DD6671DE5C0D900812E53 /* Release */ = {
			isa = XCBuildConfiguration;
			buildSettings = {
				ALWAYS_SEARCH_USER_PATHS = NO;
				CLANG_ANALYZER_NONNULL = YES;
				CLANG_CXX_LANGUAGE_STANDARD = "gnu++0x";
				CLANG_CXX_LIBRARY = "libc++";
				CLANG_ENABLE_MODULES = YES;
				CLANG_ENABLE_OBJC_ARC = YES;
				CLANG_WARN_BOOL_CONVERSION = YES;
				CLANG_WARN_CONSTANT_CONVERSION = YES;
				CLANG_WARN_DIRECT_OBJC_ISA_USAGE = YES_ERROR;
				CLANG_WARN_DOCUMENTATION_COMMENTS = YES;
				CLANG_WARN_EMPTY_BODY = YES;
				CLANG_WARN_ENUM_CONVERSION = YES;
				CLANG_WARN_INFINITE_RECURSION = YES;
				CLANG_WARN_INT_CONVERSION = YES;
				CLANG_WARN_OBJC_ROOT_CLASS = YES_ERROR;
				CLANG_WARN_SUSPICIOUS_MOVES = YES;
				CLANG_WARN_UNREACHABLE_CODE = YES;
				CLANG_WARN__DUPLICATE_METHOD_MATCH = YES;
				"CODE_SIGN_IDENTITY[sdk=iphoneos*]" = "iPhone Developer";
				COPY_PHASE_STRIP = NO;
				DEBUG_INFORMATION_FORMAT = "dwarf-with-dsym";
				ENABLE_NS_ASSERTIONS = NO;
				ENABLE_STRICT_OBJC_MSGSEND = YES;
				GCC_C_LANGUAGE_STANDARD = gnu99;
				GCC_NO_COMMON_BLOCKS = YES;
				GCC_WARN_64_TO_32_BIT_CONVERSION = YES;
				GCC_WARN_ABOUT_RETURN_TYPE = YES_ERROR;
				GCC_WARN_UNDECLARED_SELECTOR = YES;
				GCC_WARN_UNINITIALIZED_AUTOS = YES_AGGRESSIVE;
				GCC_WARN_UNUSED_FUNCTION = YES;
				GCC_WARN_UNUSED_VARIABLE = YES;
				IPHONEOS_DEPLOYMENT_TARGET = 10.1;
				MTL_ENABLE_DEBUG_INFO = NO;
				SDKROOT = iphoneos;
				VALIDATE_PRODUCT = YES;
			};
			name = Release;
		};
		185DD6691DE5C0D900812E53 /* Debug */ = {
			isa = XCBuildConfiguration;
			buildSettings = {
				ASSETCATALOG_COMPILER_APPICON_NAME = AppIcon;
				INFOPLIST_FILE = Singletons/Info.plist;
				LD_RUNPATH_SEARCH_PATHS = "$(inherited) @executable_path/Frameworks";
				PRODUCT_BUNDLE_IDENTIFIER = Vijayvir.Singletons;
				PRODUCT_NAME = "$(TARGET_NAME)";
			};
			name = Debug;
		};
		185DD66A1DE5C0D900812E53 /* Release */ = {
			isa = XCBuildConfiguration;
			buildSettings = {
				ASSETCATALOG_COMPILER_APPICON_NAME = AppIcon;
				INFOPLIST_FILE = Singletons/Info.plist;
				LD_RUNPATH_SEARCH_PATHS = "$(inherited) @executable_path/Frameworks";
				PRODUCT_BUNDLE_IDENTIFIER = Vijayvir.Singletons;
				PRODUCT_NAME = "$(TARGET_NAME)";
			};
			name = Release;
		};
/* End XCBuildConfiguration section */

/* Begin XCConfigurationList section */
		185DD64C1DE5C0D900812E53 /* Build configuration list for PBXProject "Singletons" */ = {
			isa = XCConfigurationList;
			buildConfigurations = (
				185DD6661DE5C0D900812E53 /* Debug */,
				185DD6671DE5C0D900812E53 /* Release */,
			);
			defaultConfigurationIsVisible = 0;
			defaultConfigurationName = Release;
		};
		185DD6681DE5C0D900812E53 /* Build configuration list for PBXNativeTarget "Singletons" */ = {
			isa = XCConfigurationList;
			buildConfigurations = (
				185DD6691DE5C0D900812E53 /* Debug */,
				185DD66A1DE5C0D900812E53 /* Release */,
			);
			defaultConfigurationIsVisible = 0;
			defaultConfigurationName = Release;
		};
/* End XCConfigurationList section */
	};
	rootObject = 185DD6491DE5C0D900812E53 /* Project object */;
}
