// !$*UTF8*$!
{
	archiveVersion = 1;
	classes = {
	};
	objectVersion = 46;
	objects = {

/* Begin PBXBuildFile section */
		182C38F91E54651700BA708B /* Singleton.rtf in Resources */ = {isa = PBXBuildFile; fileRef = 182C38F81E54651700BA708B /* Singleton.rtf */; };
		18ACE7FB1E5415C000993A73 /* AppDelegate.swift in Sources */ = {isa = PBXBuildFile; fileRef = 18ACE7FA1E5415C000993A73 /* AppDelegate.swift */; };
		18ACE7FD1E5415C000993A73 /* ViewController.swift in Sources */ = {isa = PBXBuildFile; fileRef = 18ACE7FC1E5415C000993A73 /* ViewController.swift */; };
		18ACE8001E5415C000993A73 /* Main.storyboard in Resources */ = {isa = PBXBuildFile; fileRef = 18ACE7FE1E5415C000993A73 /* Main.storyboard */; };
		18ACE8021E5415C000993A73 /* Assets.xcassets in Resources */ = {isa = PBXBuildFile; fileRef = 18ACE8011E5415C000993A73 /* Assets.xcassets */; };
		18ACE8051E5415C000993A73 /* LaunchScreen.storyboard in Resources */ = {isa = PBXBuildFile; fileRef = 18ACE8031E5415C000993A73 /* LaunchScreen.storyboard */; };
/* End PBXBuildFile section */

/* Begin PBXFileReference section */
		182C38F81E54651700BA708B /* Singleton.rtf */ = {isa = PBXFileReference; fileEncoding = 4; lastKnownFileType = text.rtf; path = Singleton.rtf; sourceTree = "<group>"; };
		18ACE7F71E5415C000993A73 /* ArchitectureConcepts.app */ = {isa = PBXFileReference; explicitFileType = wrapper.application; includeInIndex = 0; path = ArchitectureConcepts.app; sourceTree = BUILT_PRODUCTS_DIR; };
		18ACE7FA1E5415C000993A73 /* AppDelegate.swift */ = {isa = PBXFileReference; lastKnownFileType = sourcecode.swift; path = AppDelegate.swift; sourceTree = "<group>"; };
		18ACE7FC1E5415C000993A73 /* ViewController.swift */ = {isa = PBXFileReference; lastKnownFileType = sourcecode.swift; path = ViewController.swift; sourceTree = "<group>"; };
		18ACE7FF1E5415C000993A73 /* Base */ = {isa = PBXFileReference; lastKnownFileType = file.storyboard; name = Base; path = Base.lproj/Main.storyboard; sourceTree = "<group>"; };
		18ACE8011E5415C000993A73 /* Assets.xcassets */ = {isa = PBXFileReference; lastKnownFileType = folder.assetcatalog; path = Assets.xcassets; sourceTree = "<group>"; };
		18ACE8041E5415C000993A73 /* Base */ = {isa = PBXFileReference; lastKnownFileType = file.storyboard; name = Base; path = Base.lproj/LaunchScreen.storyboard; sourceTree = "<group>"; };
		18ACE8061E5415C000993A73 /* Info.plist */ = {isa = PBXFileReference; lastKnownFileType = text.plist.xml; path = Info.plist; sourceTree = "<group>"; };
/* End PBXFileReference section */

/* Begin PBXFrameworksBuildPhase section */
		18ACE7F41E5415C000993A73 /* Frameworks */ = {
			isa = PBXFrameworksBuildPhase;
			buildActionMask = 2147483647;
			files = (
			);
			runOnlyForDeploymentPostprocessing = 0;
		};
/* End PBXFrameworksBuildPhase section */

/* Begin PBXGroup section */
		18ACE7EE1E5415C000993A73 = {
			isa = PBXGroup;
			children = (
				18ACE7F91E5415C000993A73 /* ArchitectureConcepts */,
				18ACE7F81E5415C000993A73 /* Products */,
			);
			sourceTree = "<group>";
		};
		18ACE7F81E5415C000993A73 /* Products */ = {
			isa = PBXGroup;
			children = (
				18ACE7F71E5415C000993A73 /* ArchitectureConcepts.app */,
			);
			name = Products;
			sourceTree = "<group>";
		};
		18ACE7F91E5415C000993A73 /* ArchitectureConcepts */ = {
			isa = PBXGroup;
			children = (
				18ACE7FA1E5415C000993A73 /* AppDelegate.swift */,
				18ACE7FC1E5415C000993A73 /* ViewController.swift */,
				18ACE80C1E5415E500993A73 /* SingleTon */,
				18ACE7FE1E5415C000993A73 /* Main.storyboard */,
				18ACE8011E5415C000993A73 /* Assets.xcassets */,
				18ACE8031E5415C000993A73 /* LaunchScreen.storyboard */,
				18ACE8061E5415C000993A73 /* Info.plist */,
			);
			path = ArchitectureConcepts;
			sourceTree = "<group>";
		};
		18ACE80C1E5415E500993A73 /* SingleTon */ = {
			isa = PBXGroup;
			children = (
				182C38F81E54651700BA708B /* Singleton.rtf */,
			);
			name = SingleTon;
			sourceTree = "<group>";
		};
/* End PBXGroup section */

/* Begin PBXNativeTarget section */
		18ACE7F61E5415C000993A73 /* ArchitectureConcepts */ = {
			isa = PBXNativeTarget;
			buildConfigurationList = 18ACE8091E5415C100993A73 /* Build configuration list for PBXNativeTarget "ArchitectureConcepts" */;
			buildPhases = (
				18ACE7F31E5415C000993A73 /* Sources */,
				18ACE7F41E5415C000993A73 /* Frameworks */,
				18ACE7F51E5415C000993A73 /* Resources */,
			);
			buildRules = (
			);
			dependencies = (
			);
			name = ArchitectureConcepts;
			productName = ArchitectureConcepts;
			productReference = 18ACE7F71E5415C000993A73 /* ArchitectureConcepts.app */;
			productType = "com.apple.product-type.application";
		};
/* End PBXNativeTarget section */

/* Begin PBXProject section */
		18ACE7EF1E5415C000993A73 /* Project object */ = {
			isa = PBXProject;
			attributes = {
				LastSwiftUpdateCheck = 0810;
				LastUpgradeCheck = 0810;
				ORGANIZATIONNAME = vijayvirSingh;
				TargetAttributes = {
					18ACE7F61E5415C000993A73 = {
						CreatedOnToolsVersion = 8.1;
						ProvisioningStyle = Automatic;
					};
				};
			};
			buildConfigurationList = 18ACE7F21E5415C000993A73 /* Build configuration list for PBXProject "ArchitectureConcepts" */;
			compatibilityVersion = "Xcode 3.2";
			developmentRegion = English;
			hasScannedForEncodings = 0;
			knownRegions = (
				en,
				Base,
			);
			mainGroup = 18ACE7EE1E5415C000993A73;
			productRefGroup = 18ACE7F81E5415C000993A73 /* Products */;
			projectDirPath = "";
			projectRoot = "";
			targets = (
				18ACE7F61E5415C000993A73 /* ArchitectureConcepts */,
			);
		};
/* End PBXProject section */

/* Begin PBXResourcesBuildPhase section */
		18ACE7F51E5415C000993A73 /* Resources */ = {
			isa = PBXResourcesBuildPhase;
			buildActionMask = 2147483647;
			files = (
				18ACE8051E5415C000993A73 /* LaunchScreen.storyboard in Resources */,
				18ACE8021E5415C000993A73 /* Assets.xcassets in Resources */,
				182C38F91E54651700BA708B /* Singleton.rtf in Resources */,
				18ACE8001E5415C000993A73 /* Main.storyboard in Resources */,
			);
			runOnlyForDeploymentPostprocessing = 0;
		};
/* End PBXResourcesBuildPhase section */

/* Begin PBXSourcesBuildPhase section */
		18ACE7F31E5415C000993A73 /* Sources */ = {
			isa = PBXSourcesBuildPhase;
			buildActionMask = 2147483647;
			files = (
				18ACE7FD1E5415C000993A73 /* ViewController.swift in Sources */,
				18ACE7FB1E5415C000993A73 /* AppDelegate.swift in Sources */,
			);
			runOnlyForDeploymentPostprocessing = 0;
		};
/* End PBXSourcesBuildPhase section */

/* Begin PBXVariantGroup section */
		18ACE7FE1E5415C000993A73 /* Main.storyboard */ = {
			isa = PBXVariantGroup;
			children = (
				18ACE7FF1E5415C000993A73 /* Base */,
			);
			name = Main.storyboard;
			sourceTree = "<group>";
		};
		18ACE8031E5415C000993A73 /* LaunchScreen.storyboard */ = {
			isa = PBXVariantGroup;
			children = (
				18ACE8041E5415C000993A73 /* Base */,
			);
			name = LaunchScreen.storyboard;
			sourceTree = "<group>";
		};
/* End PBXVariantGroup section */

/* Begin XCBuildConfiguration section */
		18ACE8071E5415C100993A73 /* Debug */ = {
			isa = XCBuildConfiguration;
			buildSettings = {
				ALWAYS_SEARCH_USER_PATHS = NO;
				CLANG_ANALYZER_NONNULL = YES;
				CLANG_CXX_LANGUAGE_STANDARD = "gnu++0x";
				CLANG_CXX_LIBRARY = "libc++";
				CLANG_ENABLE_MODULES = YES;
				CLANG_ENABLE_OBJC_ARC = YES;
				CLANG_WARN_BOOL_CONVERSION = YES;
				CLANG_WARN_CONSTANT_CONVERSION = YES;
				CLANG_WARN_DIRECT_OBJC_ISA_USAGE = YES_ERROR;
				CLANG_WARN_DOCUMENTATION_COMMENTS = YES;
				CLANG_WARN_EMPTY_BODY = YES;
				CLANG_WARN_ENUM_CONVERSION = YES;
				CLANG_WARN_INFINITE_RECURSION = YES;
				CLANG_WARN_INT_CONVERSION = YES;
				CLANG_WARN_OBJC_ROOT_CLASS = YES_ERROR;
				CLANG_WARN_SUSPICIOUS_MOVES = YES;
				CLANG_WARN_UNREACHABLE_CODE = YES;
				CLANG_WARN__DUPLICATE_METHOD_MATCH = YES;
				"CODE_SIGN_IDENTITY[sdk=iphoneos*]" = "iPhone Developer";
				COPY_PHASE_STRIP = NO;
				DEBUG_INFORMATION_FORMAT = dwarf;
				ENABLE_STRICT_OBJC_MSGSEND = YES;
				ENABLE_TESTABILITY = YES;
				GCC_C_LANGUAGE_STANDARD = gnu99;
				GCC_DYNAMIC_NO_PIC = NO;
				GCC_NO_COMMON_BLOCKS = YES;
				GCC_OPTIMIZATION_LEVEL = 0;
				GCC_PREPROCESSOR_DEFINITIONS = (
					"DEBUG=1",
					"$(inherited)",
				);
				GCC_WARN_64_TO_32_BIT_CONVERSION = YES;
				GCC_WARN_ABOUT_RETURN_TYPE = YES_ERROR;
				GCC_WARN_UNDECLARED_SELECTOR = YES;
				GCC_WARN_UNINITIALIZED_AUTOS = YES_AGGRESSIVE;
				GCC_WARN_UNUSED_FUNCTION = YES;
				GCC_WARN_UNUSED_VARIABLE = YES;
				IPHONEOS_DEPLOYMENT_TARGET = 10.1;
				MTL_ENABLE_DEBUG_INFO = YES;
				ONLY_ACTIVE_ARCH = YES;
				SDKROOT = iphoneos;
				SWIFT_ACTIVE_COMPILATION_CONDITIONS = DEBUG;
				SWIFT_OPTIMIZATION_LEVEL = "-Onone";
			};
			name = Debug;
		};
		18ACE8081E5415C100993A73 /* Release */ = {
			isa = XCBuildConfiguration;
			buildSettings = {
				ALWAYS_SEARCH_USER_PATHS = NO;
				CLANG_ANALYZER_NONNULL = YES;
				CLANG_CXX_LANGUAGE_STANDARD = "gnu++0x";
				CLANG_CXX_LIBRARY = "libc++";
				CLANG_ENABLE_MODULES = YES;
				CLANG_ENABLE_OBJC_ARC = YES;
				CLANG_WARN_BOOL_CONVERSION = YES;
				CLANG_WARN_CONSTANT_CONVERSION = YES;
				CLANG_WARN_DIRECT_OBJC_ISA_USAGE = YES_ERROR;
				CLANG_WARN_DOCUMENTATION_COMMENTS = YES;
				CLANG_WARN_EMPTY_BODY = YES;
				CLANG_WARN_ENUM_CONVERSION = YES;
				CLANG_WARN_INFINITE_RECURSION = YES;
				CLANG_WARN_INT_CONVERSION = YES;
				CLANG_WARN_OBJC_ROOT_CLASS = YES_ERROR;
				CLANG_WARN_SUSPICIOUS_MOVES = YES;
				CLANG_WARN_UNREACHABLE_CODE = YES;
				CLANG_WARN__DUPLICATE_METHOD_MATCH = YES;
				"CODE_SIGN_IDENTITY[sdk=iphoneos*]" = "iPhone Developer";
				COPY_PHASE_STRIP = NO;
				DEBUG_INFORMATION_FORMAT = "dwarf-with-dsym";
				ENABLE_NS_ASSERTIONS = NO;
				ENABLE_STRICT_OBJC_MSGSEND = YES;
				GCC_C_LANGUAGE_STANDARD = gnu99;
				GCC_NO_COMMON_BLOCKS = YES;
				GCC_WARN_64_TO_32_BIT_CONVERSION = YES;
				GCC_WARN_ABOUT_RETURN_TYPE = YES_ERROR;
				GCC_WARN_UNDECLARED_SELECTOR = YES;
				GCC_WARN_UNINITIALIZED_AUTOS = YES_AGGRESSIVE;
				GCC_WARN_UNUSED_FUNCTION = YES;
				GCC_WARN_UNUSED_VARIABLE = YES;
				IPHONEOS_DEPLOYMENT_TARGET = 10.1;
				MTL_ENABLE_DEBUG_INFO = NO;
				SDKROOT = iphoneos;
				SWIFT_OPTIMIZATION_LEVEL = "-Owholemodule";
				VALIDATE_PRODUCT = YES;
			};
			name = Release;
		};
		18ACE80A1E5415C100993A73 /* Debug */ = {
			isa = XCBuildConfiguration;
			buildSettings = {
				ASSETCATALOG_COMPILER_APPICON_NAME = AppIcon;
				INFOPLIST_FILE = ArchitectureConcepts/Info.plist;
				LD_RUNPATH_SEARCH_PATHS = "$(inherited) @executable_path/Frameworks";
				PRODUCT_BUNDLE_IDENTIFIER = Vijayvir.ArchitectureConcepts;
				PRODUCT_NAME = "$(TARGET_NAME)";
				SWIFT_VERSION = 3.0;
			};
			name = Debug;
		};
		18ACE80B1E5415C100993A73 /* Release */ = {
			isa = XCBuildConfiguration;
			buildSettings = {
				ASSETCATALOG_COMPILER_APPICON_NAME = AppIcon;
				INFOPLIST_FILE = ArchitectureConcepts/Info.plist;
				LD_RUNPATH_SEARCH_PATHS = "$(inherited) @executable_path/Frameworks";
				PRODUCT_BUNDLE_IDENTIFIER = Vijayvir.ArchitectureConcepts;
				PRODUCT_NAME = "$(TARGET_NAME)";
				SWIFT_VERSION = 3.0;
			};
			name = Release;
		};
/* End XCBuildConfiguration section */

/* Begin XCConfigurationList section */
		18ACE7F21E5415C000993A73 /* Build configuration list for PBXProject "ArchitectureConcepts" */ = {
			isa = XCConfigurationList;
			buildConfigurations = (
				18ACE8071E5415C100993A73 /* Debug */,
				18ACE8081E5415C100993A73 /* Release */,
			);
			defaultConfigurationIsVisible = 0;
			defaultConfigurationName = Release;
		};
		18ACE8091E5415C100993A73 /* Build configuration list for PBXNativeTarget "ArchitectureConcepts" */ = {
			isa = XCConfigurationList;
			buildConfigurations = (
				18ACE80A1E5415C100993A73 /* Debug */,
				18ACE80B1E5415C100993A73 /* Release */,
			);
			defaultConfigurationIsVisible = 0;
			defaultConfigurationName = Release;
		};
/* End XCConfigurationList section */
	};
	rootObject = 18ACE7EF1E5415C000993A73 /* Project object */;
}
